
Microsoft Visual Studio Solution File, Format Version 12.00
# Visual Studio Version 17
VisualStudioVersion = 17.3.32922.545
MinimumVisualStudioVersion = 10.0.40219.1
Project("{FAE04EC0-301F-11D3-BF4B-00C04F79EFBC}") = "BubbleSort-Algorithm", "BubbleSort-Algorithm\BubbleSort-Algorithm.csproj", "{98931DE2-C94A-4252-BB5C-1FCD4E6EAFDA}"
EndProject
Project("{FAE04EC0-301F-11D3-BF4B-00C04F79EFBC}") = "SelectionSort-Algorithm", "SelectionSort-Algorithm\SelectionSort-Algorithm.csproj", "{451980B6-5D0B-4DAF-A218-2A65EC3CB4B8}"
EndProject
Global
	GlobalSection(SolutionConfigurationPlatforms) = preSolution
		Debug|Any CPU = Debug|Any CPU
		Release|Any CPU = Release|Any CPU
	EndGlobalSection
	GlobalSection(ProjectConfigurationPlatforms) = postSolution
		{98931DE2-C94A-4252-BB5C-1FCD4E6EAFDA}.Debug|Any CPU.ActiveCfg = Debug|Any CPU
		{98931DE2-C94A-4252-BB5C-1FCD4E6EAFDA}.Debug|Any CPU.Build.0 = Debug|Any CPU
		{98931DE2-C94A-4252-BB5C-1FCD4E6EAFDA}.Release|Any CPU.ActiveCfg = Release|Any CPU
		{98931DE2-C94A-4252-BB5C-1FCD4E6EAFDA}.Release|Any CPU.Build.0 = Release|Any CPU
		{451980B6-5D0B-4DAF-A218-2A65EC3CB4B8}.Debug|Any CPU.ActiveCfg = Debug|Any CPU
		{451980B6-5D0B-4DAF-A218-2A65EC3CB4B8}.Debug|Any CPU.Build.0 = Debug|Any CPU
		{451980B6-5D0B-4DAF-A218-2A65EC3CB4B8}.Release|Any CPU.ActiveCfg = Release|Any CPU
		{451980B6-5D0B-4DAF-A218-2A65EC3CB4B8}.Release|Any CPU.Build.0 = Release|Any CPU
	EndGlobalSection
	GlobalSection(SolutionProperties) = preSolution
		HideSolutionNode = FALSE
	EndGlobalSection
	GlobalSection(ExtensibilityGlobals) = postSolution
		SolutionGuid = {3DFB6AFF-DF61-4B40-A7CE-56F8B71C6EF7}
	EndGlobalSection
EndGlobal
